// !$*UTF8*$!
{
	archiveVersion = 1;
	classes = {
	};
	objectVersion = 48;
	objects = {

/* Begin PBXBuildFile section */
		8D7E5B2F93BA227FBC44867F /* Pods_DesignCodeApp.framework in Frameworks */ = {isa = PBXBuildFile; fileRef = 6D02E26E8F3683CF569079E9 /* Pods_DesignCodeApp.framework */; };
		9698CD1F1FBB5DE000501C47 /* AppDelegate.swift in Sources */ = {isa = PBXBuildFile; fileRef = 9698CD1E1FBB5DE000501C47 /* AppDelegate.swift */; };
		9698CD211FBB5DE000501C47 /* HomeViewController.swift in Sources */ = {isa = PBXBuildFile; fileRef = 9698CD201FBB5DE000501C47 /* HomeViewController.swift */; };
		9698CD271FBB5DE000501C47 /* DesignCodeApp.xcdatamodeld in Sources */ = {isa = PBXBuildFile; fileRef = 9698CD251FBB5DE000501C47 /* DesignCodeApp.xcdatamodeld */; };
		9698CD291FBB5DE000501C47 /* Assets.xcassets in Resources */ = {isa = PBXBuildFile; fileRef = 9698CD281FBB5DE000501C47 /* Assets.xcassets */; };
		9698CD2C1FBB5DE000501C47 /* LaunchScreen.storyboard in Resources */ = {isa = PBXBuildFile; fileRef = 9698CD2A1FBB5DE000501C47 /* LaunchScreen.storyboard */; };
		9F055F7A212A3F4000FCAE5A /* PurchaseViewController.swift in Sources */ = {isa = PBXBuildFile; fileRef = 9F055F79212A3F4000FCAE5A /* PurchaseViewController.swift */; };
		9F0BD124212F8D2800842838 /* Home+Constraints.swift in Sources */ = {isa = PBXBuildFile; fileRef = 9F0BD123212F8D2800842838 /* Home+Constraints.swift */; };
		9F1294C5211A8BEA00527F93 /* PresentSectionViewController.swift in Sources */ = {isa = PBXBuildFile; fileRef = 9F1294C4211A8BEA00527F93 /* PresentSectionViewController.swift */; };
		9F1294C7211FEACE00527F93 /* WebViewController.swift in Sources */ = {isa = PBXBuildFile; fileRef = 9F1294C6211FEACD00527F93 /* WebViewController.swift */; };
		9F1F8684210ED32D00BDC274 /* SectionViewController.swift in Sources */ = {isa = PBXBuildFile; fileRef = 9F1F8683210ED32C00BDC274 /* SectionViewController.swift */; };
		9F1F8686210ED9B200BDC274 /* SectionCell.swift in Sources */ = {isa = PBXBuildFile; fileRef = 9F1F8685210ED9B200BDC274 /* SectionCell.swift */; };
		9F1F8688210EE43E00BDC274 /* Data.swift in Sources */ = {isa = PBXBuildFile; fileRef = 9F1F8687210EE43E00BDC274 /* Data.swift */; };
		9F38F0312117D37A00E88F8A /* BookmarkCell.swift in Sources */ = {isa = PBXBuildFile; fileRef = 9F38F0302117D37A00E88F8A /* BookmarkCell.swift */; };
		9F8023FA214C9C0700747CA7 /* BenefitsViewController.swift in Sources */ = {isa = PBXBuildFile; fileRef = 9F8023F9214C9C0700747CA7 /* BenefitsViewController.swift */; };
		9F8023FC214CCAAB00747CA7 /* BenefitsCell.swift in Sources */ = {isa = PBXBuildFile; fileRef = 9F8023FB214CCAAB00747CA7 /* BenefitsCell.swift */; };
		9F8E17E9214F10F20056B834 /* ExerciseCell.swift in Sources */ = {isa = PBXBuildFile; fileRef = 9F8E17E8214F10F20056B834 /* ExerciseCell.swift */; };
		9F8E17EB214F19770056B834 /* ScoreCell.swift in Sources */ = {isa = PBXBuildFile; fileRef = 9F8E17EA214F19770056B834 /* ScoreCell.swift */; };
		9F8E17ED214F1E390056B834 /* QuestionCell.swift in Sources */ = {isa = PBXBuildFile; fileRef = 9F8E17EC214F1E390056B834 /* QuestionCell.swift */; };
		9F8E17EF2151C0DB0056B834 /* ExerciseDialogViewController.swift in Sources */ = {isa = PBXBuildFile; fileRef = 9F8E17EE2151C0DB0056B834 /* ExerciseDialogViewController.swift */; };
		9F8E17F22151C8720056B834 /* UILabel+Animate.swift in Sources */ = {isa = PBXBuildFile; fileRef = 9F8E17F12151C8720056B834 /* UILabel+Animate.swift */; };
		9F8E17F42151C8D30056B834 /* MKProgressView+Animate.swift in Sources */ = {isa = PBXBuildFile; fileRef = 9F8E17F32151C8D30056B834 /* MKProgressView+Animate.swift */; };
		9F98B331210FC6E900FD9AD7 /* TestimonialViewController.swift in Sources */ = {isa = PBXBuildFile; fileRef = 9F98B330210FC6E900FD9AD7 /* TestimonialViewController.swift */; };
		9F98B336210FC78900FD9AD7 /* TestimonialCell.swift in Sources */ = {isa = PBXBuildFile; fileRef = 9F98B335210FC78900FD9AD7 /* TestimonialCell.swift */; };
		9F98B3382110169B00FD9AD7 /* MainTabBarController.swift in Sources */ = {isa = PBXBuildFile; fileRef = 9F98B3372110169B00FD9AD7 /* MainTabBarController.swift */; };
		9F98B33A211017C800FD9AD7 /* ChaptersViewController.swift in Sources */ = {isa = PBXBuildFile; fileRef = 9F98B339211017C800FD9AD7 /* ChaptersViewController.swift */; };
		9F98B33C211017E900FD9AD7 /* BookmarksTableViewController.swift in Sources */ = {isa = PBXBuildFile; fileRef = 9F98B33B211017E900FD9AD7 /* BookmarksTableViewController.swift */; };
		9F98B33E2110181300FD9AD7 /* ExercisesTableViewController.swift in Sources */ = {isa = PBXBuildFile; fileRef = 9F98B33D2110181300FD9AD7 /* ExercisesTableViewController.swift */; };
		9F98B3402110182E00FD9AD7 /* MoreViewController.swift in Sources */ = {isa = PBXBuildFile; fileRef = 9F98B33F2110182E00FD9AD7 /* MoreViewController.swift */; };
		9FB861692154B89B00D69806 /* Section.json in Resources */ = {isa = PBXBuildFile; fileRef = 9FB861682154B89A00D69806 /* Section.json */; };
		9FB8616B2154BAA400D69806 /* ContentApi.swift in Sources */ = {isa = PBXBuildFile; fileRef = 9FB8616A2154BAA400D69806 /* ContentApi.swift */; };
		9FB8616D2154C31600D69806 /* Bookmarks.json in Resources */ = {isa = PBXBuildFile; fileRef = 9FB8616C2154C31600D69806 /* Bookmarks.json */; };
		9FB861702154CAEF00D69806 /* Testimonials.json in Resources */ = {isa = PBXBuildFile; fileRef = 9FB8616F2154CAEF00D69806 /* Testimonials.json */; };
		9FB861722154CCFA00D69806 /* Benefits.json in Resources */ = {isa = PBXBuildFile; fileRef = 9FB861712154CCFA00D69806 /* Benefits.json */; };
		9FC6C33D2142180900E43026 /* LoginViewController.swift in Sources */ = {isa = PBXBuildFile; fileRef = 9FC6C33C2142180900E43026 /* LoginViewController.swift */; };
		9FCA90EA2131A0C300DC2704 /* More+Constraints.swift in Sources */ = {isa = PBXBuildFile; fileRef = 9FCA90E92131A0C300DC2704 /* More+Constraints.swift */; };
/* End PBXBuildFile section */

/* Begin PBXFileReference section */
		18B0F51FD63E844AE95D82BC /* Pods-DesignCodeApp.debug.xcconfig */ = {isa = PBXFileReference; includeInIndex = 1; lastKnownFileType = text.xcconfig; name = "Pods-DesignCodeApp.debug.xcconfig"; path = "Pods/Target Support Files/Pods-DesignCodeApp/Pods-DesignCodeApp.debug.xcconfig"; sourceTree = "<group>"; };
		6D02E26E8F3683CF569079E9 /* Pods_DesignCodeApp.framework */ = {isa = PBXFileReference; explicitFileType = wrapper.framework; includeInIndex = 0; path = Pods_DesignCodeApp.framework; sourceTree = BUILT_PRODUCTS_DIR; };
		9698CD1B1FBB5DE000501C47 /* DesignCodeApp.app */ = {isa = PBXFileReference; explicitFileType = wrapper.application; includeInIndex = 0; path = DesignCodeApp.app; sourceTree = BUILT_PRODUCTS_DIR; };
		9698CD1E1FBB5DE000501C47 /* AppDelegate.swift */ = {isa = PBXFileReference; lastKnownFileType = sourcecode.swift; path = AppDelegate.swift; sourceTree = "<group>"; };
		9698CD201FBB5DE000501C47 /* HomeViewController.swift */ = {isa = PBXFileReference; lastKnownFileType = sourcecode.swift; path = HomeViewController.swift; sourceTree = "<group>"; };
		9698CD261FBB5DE000501C47 /* DesignCodeApp.xcdatamodel */ = {isa = PBXFileReference; lastKnownFileType = wrapper.xcdatamodel; path = DesignCodeApp.xcdatamodel; sourceTree = "<group>"; };
		9698CD281FBB5DE000501C47 /* Assets.xcassets */ = {isa = PBXFileReference; lastKnownFileType = folder.assetcatalog; path = Assets.xcassets; sourceTree = "<group>"; };
		9698CD2B1FBB5DE000501C47 /* Base */ = {isa = PBXFileReference; lastKnownFileType = file.storyboard; name = Base; path = Base.lproj/LaunchScreen.storyboard; sourceTree = "<group>"; };
		9698CD2D1FBB5DE000501C47 /* Info.plist */ = {isa = PBXFileReference; lastKnownFileType = text.plist.xml; path = Info.plist; sourceTree = "<group>"; };
		9F055F79212A3F4000FCAE5A /* PurchaseViewController.swift */ = {isa = PBXFileReference; lastKnownFileType = sourcecode.swift; path = PurchaseViewController.swift; sourceTree = "<group>"; };
		9F0BD123212F8D2800842838 /* Home+Constraints.swift */ = {isa = PBXFileReference; lastKnownFileType = sourcecode.swift; path = "Home+Constraints.swift"; sourceTree = "<group>"; };
		9F1294C4211A8BEA00527F93 /* PresentSectionViewController.swift */ = {isa = PBXFileReference; lastKnownFileType = sourcecode.swift; path = PresentSectionViewController.swift; sourceTree = "<group>"; };
		9F1294C6211FEACD00527F93 /* WebViewController.swift */ = {isa = PBXFileReference; lastKnownFileType = sourcecode.swift; path = WebViewController.swift; sourceTree = "<group>"; };
		9F1F8683210ED32C00BDC274 /* SectionViewController.swift */ = {isa = PBXFileReference; lastKnownFileType = sourcecode.swift; path = SectionViewController.swift; sourceTree = "<group>"; };
		9F1F8685210ED9B200BDC274 /* SectionCell.swift */ = {isa = PBXFileReference; lastKnownFileType = sourcecode.swift; path = SectionCell.swift; sourceTree = "<group>"; };
		9F1F8687210EE43E00BDC274 /* Data.swift */ = {isa = PBXFileReference; lastKnownFileType = sourcecode.swift; path = Data.swift; sourceTree = "<group>"; };
		9F38F0302117D37A00E88F8A /* BookmarkCell.swift */ = {isa = PBXFileReference; lastKnownFileType = sourcecode.swift; path = BookmarkCell.swift; sourceTree = "<group>"; };
		9F8023F9214C9C0700747CA7 /* BenefitsViewController.swift */ = {isa = PBXFileReference; lastKnownFileType = sourcecode.swift; path = BenefitsViewController.swift; sourceTree = "<group>"; };
		9F8023FB214CCAAB00747CA7 /* BenefitsCell.swift */ = {isa = PBXFileReference; lastKnownFileType = sourcecode.swift; path = BenefitsCell.swift; sourceTree = "<group>"; };
		9F8E17E8214F10F20056B834 /* ExerciseCell.swift */ = {isa = PBXFileReference; lastKnownFileType = sourcecode.swift; path = ExerciseCell.swift; sourceTree = "<group>"; };
		9F8E17EA214F19770056B834 /* ScoreCell.swift */ = {isa = PBXFileReference; lastKnownFileType = sourcecode.swift; path = ScoreCell.swift; sourceTree = "<group>"; };
		9F8E17EC214F1E390056B834 /* QuestionCell.swift */ = {isa = PBXFileReference; lastKnownFileType = sourcecode.swift; path = QuestionCell.swift; sourceTree = "<group>"; };
		9F8E17EE2151C0DB0056B834 /* ExerciseDialogViewController.swift */ = {isa = PBXFileReference; lastKnownFileType = sourcecode.swift; path = ExerciseDialogViewController.swift; sourceTree = "<group>"; };
		9F8E17F12151C8720056B834 /* UILabel+Animate.swift */ = {isa = PBXFileReference; lastKnownFileType = sourcecode.swift; path = "UILabel+Animate.swift"; sourceTree = "<group>"; };
		9F8E17F32151C8D30056B834 /* MKProgressView+Animate.swift */ = {isa = PBXFileReference; lastKnownFileType = sourcecode.swift; path = "MKProgressView+Animate.swift"; sourceTree = "<group>"; };
		9F98B330210FC6E900FD9AD7 /* TestimonialViewController.swift */ = {isa = PBXFileReference; lastKnownFileType = sourcecode.swift; path = TestimonialViewController.swift; sourceTree = "<group>"; };
		9F98B335210FC78900FD9AD7 /* TestimonialCell.swift */ = {isa = PBXFileReference; lastKnownFileType = sourcecode.swift; path = TestimonialCell.swift; sourceTree = "<group>"; };
		9F98B3372110169B00FD9AD7 /* MainTabBarController.swift */ = {isa = PBXFileReference; lastKnownFileType = sourcecode.swift; path = MainTabBarController.swift; sourceTree = "<group>"; };
		9F98B339211017C800FD9AD7 /* ChaptersViewController.swift */ = {isa = PBXFileReference; lastKnownFileType = sourcecode.swift; path = ChaptersViewController.swift; sourceTree = "<group>"; };
		9F98B33B211017E900FD9AD7 /* BookmarksTableViewController.swift */ = {isa = PBXFileReference; lastKnownFileType = sourcecode.swift; path = BookmarksTableViewController.swift; sourceTree = "<group>"; };
		9F98B33D2110181300FD9AD7 /* ExercisesTableViewController.swift */ = {isa = PBXFileReference; lastKnownFileType = sourcecode.swift; path = ExercisesTableViewController.swift; sourceTree = "<group>"; };
		9F98B33F2110182E00FD9AD7 /* MoreViewController.swift */ = {isa = PBXFileReference; lastKnownFileType = sourcecode.swift; path = MoreViewController.swift; sourceTree = "<group>"; };
		9FB861682154B89A00D69806 /* Section.json */ = {isa = PBXFileReference; lastKnownFileType = text.json; path = Section.json; sourceTree = "<group>"; };
		9FB8616A2154BAA400D69806 /* ContentApi.swift */ = {isa = PBXFileReference; lastKnownFileType = sourcecode.swift; path = ContentApi.swift; sourceTree = "<group>"; };
		9FB8616C2154C31600D69806 /* Bookmarks.json */ = {isa = PBXFileReference; lastKnownFileType = text.json; path = Bookmarks.json; sourceTree = "<group>"; };
		9FB8616F2154CAEF00D69806 /* Testimonials.json */ = {isa = PBXFileReference; lastKnownFileType = text.json; path = Testimonials.json; sourceTree = "<group>"; };
		9FB861712154CCFA00D69806 /* Benefits.json */ = {isa = PBXFileReference; lastKnownFileType = text.json; path = Benefits.json; sourceTree = "<group>"; };
		9FC6C33C2142180900E43026 /* LoginViewController.swift */ = {isa = PBXFileReference; lastKnownFileType = sourcecode.swift; path = LoginViewController.swift; sourceTree = "<group>"; };
		9FCA90E92131A0C300DC2704 /* More+Constraints.swift */ = {isa = PBXFileReference; lastKnownFileType = sourcecode.swift; path = "More+Constraints.swift"; sourceTree = "<group>"; };
		F12ABFA1CC737BDC34C75935 /* Pods-DesignCodeApp.release.xcconfig */ = {isa = PBXFileReference; includeInIndex = 1; lastKnownFileType = text.xcconfig; name = "Pods-DesignCodeApp.release.xcconfig"; path = "Pods/Target Support Files/Pods-DesignCodeApp/Pods-DesignCodeApp.release.xcconfig"; sourceTree = "<group>"; };
/* End PBXFileReference section */

/* Begin PBXFrameworksBuildPhase section */
		9698CD181FBB5DE000501C47 /* Frameworks */ = {
			isa = PBXFrameworksBuildPhase;
			buildActionMask = 2147483647;
			files = (
				8D7E5B2F93BA227FBC44867F /* Pods_DesignCodeApp.framework in Frameworks */,
			);
			runOnlyForDeploymentPostprocessing = 0;
		};
/* End PBXFrameworksBuildPhase section */

/* Begin PBXGroup section */
		9698CD121FBB5DE000501C47 = {
			isa = PBXGroup;
			children = (
				9698CD1D1FBB5DE000501C47 /* DesignCodeApp */,
				9698CD1C1FBB5DE000501C47 /* Products */,
				DF556FA0ECAC5A00640F3D40 /* Pods */,
				A0F1202EB2AD48FA2A986954 /* Frameworks */,
			);
			sourceTree = "<group>";
		};
		9698CD1C1FBB5DE000501C47 /* Products */ = {
			isa = PBXGroup;
			children = (
				9698CD1B1FBB5DE000501C47 /* DesignCodeApp.app */,
			);
			name = Products;
			sourceTree = "<group>";
		};
		9698CD1D1FBB5DE000501C47 /* DesignCodeApp */ = {
			isa = PBXGroup;
			children = (
				9FB8616E2154CA3B00D69806 /* Services */,
				9F8E17F02151C8540056B834 /* Extensions */,
				9F1294C3211A8B9000527F93 /* Transitions */,
				9F98B333210FC71E00FD9AD7 /* Models */,
				9F98B334210FC72A00FD9AD7 /* Views */,
				9F98B332210FC6FD00FD9AD7 /* Contollers */,
				9698CD1E1FBB5DE000501C47 /* AppDelegate.swift */,
				9698CD281FBB5DE000501C47 /* Assets.xcassets */,
				9698CD2A1FBB5DE000501C47 /* LaunchScreen.storyboard */,
				9698CD2D1FBB5DE000501C47 /* Info.plist */,
				9698CD251FBB5DE000501C47 /* DesignCodeApp.xcdatamodeld */,
			);
			path = DesignCodeApp;
			sourceTree = "<group>";
		};
		9F0BD122212F8D0000842838 /* ControllerExtensions */ = {
			isa = PBXGroup;
			children = (
				9F0BD123212F8D2800842838 /* Home+Constraints.swift */,
				9FCA90E92131A0C300DC2704 /* More+Constraints.swift */,
			);
			path = ControllerExtensions;
			sourceTree = "<group>";
		};
		9F1294C3211A8B9000527F93 /* Transitions */ = {
			isa = PBXGroup;
			children = (
				9F1294C4211A8BEA00527F93 /* PresentSectionViewController.swift */,
			);
			path = Transitions;
			sourceTree = "<group>";
		};
		9F8E17F02151C8540056B834 /* Extensions */ = {
			isa = PBXGroup;
			children = (
				9F8E17F12151C8720056B834 /* UILabel+Animate.swift */,
				9F8E17F32151C8D30056B834 /* MKProgressView+Animate.swift */,
			);
			path = Extensions;
			sourceTree = "<group>";
		};
		9F98B332210FC6FD00FD9AD7 /* Contollers */ = {
			isa = PBXGroup;
			children = (
				9F98B3412110185100FD9AD7 /* TabBarControllers */,
				9F0BD122212F8D0000842838 /* ControllerExtensions */,
				9F98B3372110169B00FD9AD7 /* MainTabBarController.swift */,
				9F1F8683210ED32C00BDC274 /* SectionViewController.swift */,
				9F1294C6211FEACD00527F93 /* WebViewController.swift */,
				9F055F79212A3F4000FCAE5A /* PurchaseViewController.swift */,
				9F98B330210FC6E900FD9AD7 /* TestimonialViewController.swift */,
				9FC6C33C2142180900E43026 /* LoginViewController.swift */,
				9F8023F9214C9C0700747CA7 /* BenefitsViewController.swift */,
				9F8E17EE2151C0DB0056B834 /* ExerciseDialogViewController.swift */,
			);
			path = Contollers;
			sourceTree = "<group>";
		};
		9F98B333210FC71E00FD9AD7 /* Models */ = {
			isa = PBXGroup;
			children = (
				9F1F8687210EE43E00BDC274 /* Data.swift */,
				9FB861682154B89A00D69806 /* Section.json */,
				9FB8616C2154C31600D69806 /* Bookmarks.json */,
				9FB8616F2154CAEF00D69806 /* Testimonials.json */,
				9FB861712154CCFA00D69806 /* Benefits.json */,
			);
			path = Models;
			sourceTree = "<group>";
		};
		9F98B334210FC72A00FD9AD7 /* Views */ = {
			isa = PBXGroup;
			children = (
				9F1F8685210ED9B200BDC274 /* SectionCell.swift */,
				9F98B335210FC78900FD9AD7 /* TestimonialCell.swift */,
				9F8023FB214CCAAB00747CA7 /* BenefitsCell.swift */,
				9F8E17E8214F10F20056B834 /* ExerciseCell.swift */,
				9F38F0302117D37A00E88F8A /* BookmarkCell.swift */,
				9F8E17EA214F19770056B834 /* ScoreCell.swift */,
				9F8E17EC214F1E390056B834 /* QuestionCell.swift */,
			);
			path = Views;
			sourceTree = "<group>";
		};
		9F98B3412110185100FD9AD7 /* TabBarControllers */ = {
			isa = PBXGroup;
			children = (
				9698CD201FBB5DE000501C47 /* HomeViewController.swift */,
				9F98B339211017C800FD9AD7 /* ChaptersViewController.swift */,
				9F98B33D2110181300FD9AD7 /* ExercisesTableViewController.swift */,
				9F98B33B211017E900FD9AD7 /* BookmarksTableViewController.swift */,
				9F98B33F2110182E00FD9AD7 /* MoreViewController.swift */,
			);
			path = TabBarControllers;
			sourceTree = "<group>";
		};
		9FB8616E2154CA3B00D69806 /* Services */ = {
			isa = PBXGroup;
			children = (
				9FB8616A2154BAA400D69806 /* ContentApi.swift */,
			);
			path = Services;
			sourceTree = "<group>";
		};
		A0F1202EB2AD48FA2A986954 /* Frameworks */ = {
			isa = PBXGroup;
			children = (
				6D02E26E8F3683CF569079E9 /* Pods_DesignCodeApp.framework */,
			);
			name = Frameworks;
			sourceTree = "<group>";
		};
		DF556FA0ECAC5A00640F3D40 /* Pods */ = {
			isa = PBXGroup;
			children = (
				18B0F51FD63E844AE95D82BC /* Pods-DesignCodeApp.debug.xcconfig */,
				F12ABFA1CC737BDC34C75935 /* Pods-DesignCodeApp.release.xcconfig */,
			);
			name = Pods;
			sourceTree = "<group>";
		};
/* End PBXGroup section */

/* Begin PBXNativeTarget section */
		9698CD1A1FBB5DE000501C47 /* DesignCodeApp */ = {
			isa = PBXNativeTarget;
			buildConfigurationList = 9698CD301FBB5DE000501C47 /* Build configuration list for PBXNativeTarget "DesignCodeApp" */;
			buildPhases = (
				712A69FB63456E0D8FC0CE87 /* [CP] Check Pods Manifest.lock */,
				9698CD171FBB5DE000501C47 /* Sources */,
				9698CD181FBB5DE000501C47 /* Frameworks */,
				9698CD191FBB5DE000501C47 /* Resources */,
				93BFE8036F34EBF5039AC6A8 /* [CP] Embed Pods Frameworks */,
			);
			buildRules = (
			);
			dependencies = (
			);
			name = DesignCodeApp;
			productName = DesignCodeApp;
			productReference = 9698CD1B1FBB5DE000501C47 /* DesignCodeApp.app */;
			productType = "com.apple.product-type.application";
		};
/* End PBXNativeTarget section */

/* Begin PBXProject section */
		9698CD131FBB5DE000501C47 /* Project object */ = {
			isa = PBXProject;
			attributes = {
				LastSwiftUpdateCheck = 0910;
				LastUpgradeCheck = 1000;
				ORGANIZATIONNAME = "Allen Whearry";
				TargetAttributes = {
					9698CD1A1FBB5DE000501C47 = {
						CreatedOnToolsVersion = 9.1;
						LastSwiftMigration = 1000;
						ProvisioningStyle = Automatic;
					};
				};
			};
			buildConfigurationList = 9698CD161FBB5DE000501C47 /* Build configuration list for PBXProject "DesignCodeApp" */;
			compatibilityVersion = "Xcode 8.0";
			developmentRegion = en;
			hasScannedForEncodings = 0;
			knownRegions = (
				en,
				Base,
			);
			mainGroup = 9698CD121FBB5DE000501C47;
			productRefGroup = 9698CD1C1FBB5DE000501C47 /* Products */;
			projectDirPath = "";
			projectRoot = "";
			targets = (
				9698CD1A1FBB5DE000501C47 /* DesignCodeApp */,
			);
		};
/* End PBXProject section */

/* Begin PBXResourcesBuildPhase section */
		9698CD191FBB5DE000501C47 /* Resources */ = {
			isa = PBXResourcesBuildPhase;
			buildActionMask = 2147483647;
			files = (
				9698CD2C1FBB5DE000501C47 /* LaunchScreen.storyboard in Resources */,
				9FB861702154CAEF00D69806 /* Testimonials.json in Resources */,
				9698CD291FBB5DE000501C47 /* Assets.xcassets in Resources */,
				9FB861692154B89B00D69806 /* Section.json in Resources */,
				9FB8616D2154C31600D69806 /* Bookmarks.json in Resources */,
				9FB861722154CCFA00D69806 /* Benefits.json in Resources */,
			);
			runOnlyForDeploymentPostprocessing = 0;
		};
/* End PBXResourcesBuildPhase section */

/* Begin PBXShellScriptBuildPhase section */
		712A69FB63456E0D8FC0CE87 /* [CP] Check Pods Manifest.lock */ = {
			isa = PBXShellScriptBuildPhase;
			buildActionMask = 2147483647;
			files = (
			);
			inputPaths = (
				"${PODS_PODFILE_DIR_PATH}/Podfile.lock",
				"${PODS_ROOT}/Manifest.lock",
			);
			name = "[CP] Check Pods Manifest.lock";
			outputPaths = (
				"$(DERIVED_FILE_DIR)/Pods-DesignCodeApp-checkManifestLockResult.txt",
			);
			runOnlyForDeploymentPostprocessing = 0;
			shellPath = /bin/sh;
			shellScript = "diff \"${PODS_PODFILE_DIR_PATH}/Podfile.lock\" \"${PODS_ROOT}/Manifest.lock\" > /dev/null\nif [ $? != 0 ] ; then\n    # print error to STDERR\n    echo \"error: The sandbox is not in sync with the Podfile.lock. Run 'pod install' or update your CocoaPods installation.\" >&2\n    exit 1\nfi\n# This output is used by Xcode 'outputs' to avoid re-running this script phase.\necho \"SUCCESS\" > \"${SCRIPT_OUTPUT_FILE_0}\"\n";
			showEnvVarsInLog = 0;
		};
		93BFE8036F34EBF5039AC6A8 /* [CP] Embed Pods Frameworks */ = {
			isa = PBXShellScriptBuildPhase;
			buildActionMask = 2147483647;
			files = (
			);
			inputPaths = (
				"${SRCROOT}/Pods/Target Support Files/Pods-DesignCodeApp/Pods-DesignCodeApp-frameworks.sh",
				"${BUILT_PRODUCTS_DIR}/MKRingProgressView/MKRingProgressView.framework",
				"${BUILT_PRODUCTS_DIR}/Realm/Realm.framework",
				"${BUILT_PRODUCTS_DIR}/RealmSwift/RealmSwift.framework",
				"${BUILT_PRODUCTS_DIR}/TPKeyboardAvoiding/TPKeyboardAvoiding.framework",
				"${BUILT_PRODUCTS_DIR}/ViewAnimator/ViewAnimator.framework",
			);
			name = "[CP] Embed Pods Frameworks";
			outputPaths = (
				"${TARGET_BUILD_DIR}/${FRAMEWORKS_FOLDER_PATH}/MKRingProgressView.framework",
				"${TARGET_BUILD_DIR}/${FRAMEWORKS_FOLDER_PATH}/Realm.framework",
				"${TARGET_BUILD_DIR}/${FRAMEWORKS_FOLDER_PATH}/RealmSwift.framework",
				"${TARGET_BUILD_DIR}/${FRAMEWORKS_FOLDER_PATH}/TPKeyboardAvoiding.framework",
				"${TARGET_BUILD_DIR}/${FRAMEWORKS_FOLDER_PATH}/ViewAnimator.framework",
			);
			runOnlyForDeploymentPostprocessing = 0;
			shellPath = /bin/sh;
			shellScript = "\"${SRCROOT}/Pods/Target Support Files/Pods-DesignCodeApp/Pods-DesignCodeApp-frameworks.sh\"\n";
			showEnvVarsInLog = 0;
		};
/* End PBXShellScriptBuildPhase section */

/* Begin PBXSourcesBuildPhase section */
		9698CD171FBB5DE000501C47 /* Sources */ = {
			isa = PBXSourcesBuildPhase;
			buildActionMask = 2147483647;
			files = (
				9698CD211FBB5DE000501C47 /* HomeViewController.swift in Sources */,
				9F38F0312117D37A00E88F8A /* BookmarkCell.swift in Sources */,
				9F98B3402110182E00FD9AD7 /* MoreViewController.swift in Sources */,
				9F055F7A212A3F4000FCAE5A /* PurchaseViewController.swift in Sources */,
				9F98B336210FC78900FD9AD7 /* TestimonialCell.swift in Sources */,
				9F8E17F42151C8D30056B834 /* MKProgressView+Animate.swift in Sources */,
				9F98B3382110169B00FD9AD7 /* MainTabBarController.swift in Sources */,
				9F1F8688210EE43E00BDC274 /* Data.swift in Sources */,
				9F8E17F22151C8720056B834 /* UILabel+Animate.swift in Sources */,
				9698CD1F1FBB5DE000501C47 /* AppDelegate.swift in Sources */,
				9F8E17E9214F10F20056B834 /* ExerciseCell.swift in Sources */,
				9FB8616B2154BAA400D69806 /* ContentApi.swift in Sources */,
				9FC6C33D2142180900E43026 /* LoginViewController.swift in Sources */,
				9F8023FA214C9C0700747CA7 /* BenefitsViewController.swift in Sources */,
				9F1F8684210ED32D00BDC274 /* SectionViewController.swift in Sources */,
				9F98B33C211017E900FD9AD7 /* BookmarksTableViewController.swift in Sources */,
				9F98B331210FC6E900FD9AD7 /* TestimonialViewController.swift in Sources */,
				9F8023FC214CCAAB00747CA7 /* BenefitsCell.swift in Sources */,
				9F1F8686210ED9B200BDC274 /* SectionCell.swift in Sources */,
				9F1294C5211A8BEA00527F93 /* PresentSectionViewController.swift in Sources */,
				9F0BD124212F8D2800842838 /* Home+Constraints.swift in Sources */,
				9FCA90EA2131A0C300DC2704 /* More+Constraints.swift in Sources */,
				9F98B33A211017C800FD9AD7 /* ChaptersViewController.swift in Sources */,
				9698CD271FBB5DE000501C47 /* DesignCodeApp.xcdatamodeld in Sources */,
				9F98B33E2110181300FD9AD7 /* ExercisesTableViewController.swift in Sources */,
				9F8E17EB214F19770056B834 /* ScoreCell.swift in Sources */,
				9F1294C7211FEACE00527F93 /* WebViewController.swift in Sources */,
				9F8E17EF2151C0DB0056B834 /* ExerciseDialogViewController.swift in Sources */,
				9F8E17ED214F1E390056B834 /* QuestionCell.swift in Sources */,
			);
			runOnlyForDeploymentPostprocessing = 0;
		};
/* End PBXSourcesBuildPhase section */

/* Begin PBXVariantGroup section */
		9698CD2A1FBB5DE000501C47 /* LaunchScreen.storyboard */ = {
			isa = PBXVariantGroup;
			children = (
				9698CD2B1FBB5DE000501C47 /* Base */,
			);
			name = LaunchScreen.storyboard;
			sourceTree = "<group>";
		};
/* End PBXVariantGroup section */

/* Begin XCBuildConfiguration section */
		9698CD2E1FBB5DE000501C47 /* Debug */ = {
			isa = XCBuildConfiguration;
			buildSettings = {
				ALWAYS_SEARCH_USER_PATHS = NO;
				CLANG_ANALYZER_NONNULL = YES;
				CLANG_ANALYZER_NUMBER_OBJECT_CONVERSION = YES_AGGRESSIVE;
				CLANG_CXX_LANGUAGE_STANDARD = "gnu++14";
				CLANG_CXX_LIBRARY = "libc++";
				CLANG_ENABLE_MODULES = YES;
				CLANG_ENABLE_OBJC_ARC = YES;
				CLANG_WARN_BLOCK_CAPTURE_AUTORELEASING = YES;
				CLANG_WARN_BOOL_CONVERSION = YES;
				CLANG_WARN_COMMA = YES;
				CLANG_WARN_CONSTANT_CONVERSION = YES;
				CLANG_WARN_DEPRECATED_OBJC_IMPLEMENTATIONS = YES;
				CLANG_WARN_DIRECT_OBJC_ISA_USAGE = YES_ERROR;
				CLANG_WARN_DOCUMENTATION_COMMENTS = YES;
				CLANG_WARN_EMPTY_BODY = YES;
				CLANG_WARN_ENUM_CONVERSION = YES;
				CLANG_WARN_INFINITE_RECURSION = YES;
				CLANG_WARN_INT_CONVERSION = YES;
				CLANG_WARN_NON_LITERAL_NULL_CONVERSION = YES;
				CLANG_WARN_OBJC_IMPLICIT_RETAIN_SELF = YES;
				CLANG_WARN_OBJC_LITERAL_CONVERSION = YES;
				CLANG_WARN_OBJC_ROOT_CLASS = YES_ERROR;
				CLANG_WARN_RANGE_LOOP_ANALYSIS = YES;
				CLANG_WARN_STRICT_PROTOTYPES = YES;
				CLANG_WARN_SUSPICIOUS_MOVE = YES;
				CLANG_WARN_UNGUARDED_AVAILABILITY = YES_AGGRESSIVE;
				CLANG_WARN_UNREACHABLE_CODE = YES;
				CLANG_WARN__DUPLICATE_METHOD_MATCH = YES;
				CODE_SIGN_IDENTITY = "iPhone Developer";
				COPY_PHASE_STRIP = NO;
				DEBUG_INFORMATION_FORMAT = dwarf;
				ENABLE_STRICT_OBJC_MSGSEND = YES;
				ENABLE_TESTABILITY = YES;
				GCC_C_LANGUAGE_STANDARD = gnu11;
				GCC_DYNAMIC_NO_PIC = NO;
				GCC_NO_COMMON_BLOCKS = YES;
				GCC_OPTIMIZATION_LEVEL = 0;
				GCC_PREPROCESSOR_DEFINITIONS = (
					"DEBUG=1",
					"$(inherited)",
				);
				GCC_WARN_64_TO_32_BIT_CONVERSION = YES;
				GCC_WARN_ABOUT_RETURN_TYPE = YES_ERROR;
				GCC_WARN_UNDECLARED_SELECTOR = YES;
				GCC_WARN_UNINITIALIZED_AUTOS = YES_AGGRESSIVE;
				GCC_WARN_UNUSED_FUNCTION = YES;
				GCC_WARN_UNUSED_VARIABLE = YES;
				IPHONEOS_DEPLOYMENT_TARGET = 11.1;
				MTL_ENABLE_DEBUG_INFO = YES;
				ONLY_ACTIVE_ARCH = YES;
				SDKROOT = iphoneos;
				SWIFT_ACTIVE_COMPILATION_CONDITIONS = DEBUG;
				SWIFT_OPTIMIZATION_LEVEL = "-Onone";
				SWIFT_VERSION = 4.2;
			};
			name = Debug;
		};
		9698CD2F1FBB5DE000501C47 /* Release */ = {
			isa = XCBuildConfiguration;
			buildSettings = {
				ALWAYS_SEARCH_USER_PATHS = NO;
				CLANG_ANALYZER_NONNULL = YES;
				CLANG_ANALYZER_NUMBER_OBJECT_CONVERSION = YES_AGGRESSIVE;
				CLANG_CXX_LANGUAGE_STANDARD = "gnu++14";
				CLANG_CXX_LIBRARY = "libc++";
				CLANG_ENABLE_MODULES = YES;
				CLANG_ENABLE_OBJC_ARC = YES;
				CLANG_WARN_BLOCK_CAPTURE_AUTORELEASING = YES;
				CLANG_WARN_BOOL_CONVERSION = YES;
				CLANG_WARN_COMMA = YES;
				CLANG_WARN_CONSTANT_CONVERSION = YES;
				CLANG_WARN_DEPRECATED_OBJC_IMPLEMENTATIONS = YES;
				CLANG_WARN_DIRECT_OBJC_ISA_USAGE = YES_ERROR;
				CLANG_WARN_DOCUMENTATION_COMMENTS = YES;
				CLANG_WARN_EMPTY_BODY = YES;
				CLANG_WARN_ENUM_CONVERSION = YES;
				CLANG_WARN_INFINITE_RECURSION = YES;
				CLANG_WARN_INT_CONVERSION = YES;
				CLANG_WARN_NON_LITERAL_NULL_CONVERSION = YES;
				CLANG_WARN_OBJC_IMPLICIT_RETAIN_SELF = YES;
				CLANG_WARN_OBJC_LITERAL_CONVERSION = YES;
				CLANG_WARN_OBJC_ROOT_CLASS = YES_ERROR;
				CLANG_WARN_RANGE_LOOP_ANALYSIS = YES;
				CLANG_WARN_STRICT_PROTOTYPES = YES;
				CLANG_WARN_SUSPICIOUS_MOVE = YES;
				CLANG_WARN_UNGUARDED_AVAILABILITY = YES_AGGRESSIVE;
				CLANG_WARN_UNREACHABLE_CODE = YES;
				CLANG_WARN__DUPLICATE_METHOD_MATCH = YES;
				CODE_SIGN_IDENTITY = "iPhone Developer";
				COPY_PHASE_STRIP = NO;
				DEBUG_INFORMATION_FORMAT = "dwarf-with-dsym";
				ENABLE_NS_ASSERTIONS = NO;
				ENABLE_STRICT_OBJC_MSGSEND = YES;
				GCC_C_LANGUAGE_STANDARD = gnu11;
				GCC_NO_COMMON_BLOCKS = YES;
				GCC_WARN_64_TO_32_BIT_CONVERSION = YES;
				GCC_WARN_ABOUT_RETURN_TYPE = YES_ERROR;
				GCC_WARN_UNDECLARED_SELECTOR = YES;
				GCC_WARN_UNINITIALIZED_AUTOS = YES_AGGRESSIVE;
				GCC_WARN_UNUSED_FUNCTION = YES;
				GCC_WARN_UNUSED_VARIABLE = YES;
				IPHONEOS_DEPLOYMENT_TARGET = 11.1;
				MTL_ENABLE_DEBUG_INFO = NO;
				SDKROOT = iphoneos;
				SWIFT_OPTIMIZATION_LEVEL = "-Owholemodule";
				SWIFT_VERSION = 4.2;
				VALIDATE_PRODUCT = YES;
			};
			name = Release;
		};
		9698CD311FBB5DE000501C47 /* Debug */ = {
			isa = XCBuildConfiguration;
			baseConfigurationReference = 18B0F51FD63E844AE95D82BC /* Pods-DesignCodeApp.debug.xcconfig */;
			buildSettings = {
				ASSETCATALOG_COMPILER_APPICON_NAME = AppIcon;
				CODE_SIGN_IDENTITY = "iPhone Developer";
				CODE_SIGN_STYLE = Automatic;
				DEVELOPMENT_TEAM = HZQ3ZGBLE6;
				INFOPLIST_FILE = DesignCodeApp/Info.plist;
				LD_RUNPATH_SEARCH_PATHS = "$(inherited) @executable_path/Frameworks";
				PRODUCT_BUNDLE_IDENTIFIER = com.codeinecoding.DesignCodeApp;
				PRODUCT_NAME = "$(TARGET_NAME)";
				PROVISIONING_PROFILE_SPECIFIER = "";
				SWIFT_VERSION = 4.2;
				TARGETED_DEVICE_FAMILY = "1,2";
			};
			name = Debug;
		};
		9698CD321FBB5DE000501C47 /* Release */ = {
			isa = XCBuildConfiguration;
			baseConfigurationReference = F12ABFA1CC737BDC34C75935 /* Pods-DesignCodeApp.release.xcconfig */;
			buildSettings = {
				ASSETCATALOG_COMPILER_APPICON_NAME = AppIcon;
				CODE_SIGN_IDENTITY = "iPhone Developer";
				CODE_SIGN_STYLE = Automatic;
				DEVELOPMENT_TEAM = HZQ3ZGBLE6;
				INFOPLIST_FILE = DesignCodeApp/Info.plist;
				LD_RUNPATH_SEARCH_PATHS = "$(inherited) @executable_path/Frameworks";
				PRODUCT_BUNDLE_IDENTIFIER = com.codeinecoding.DesignCodeApp;
				PRODUCT_NAME = "$(TARGET_NAME)";
				PROVISIONING_PROFILE_SPECIFIER = "";
				SWIFT_VERSION = 4.2;
				TARGETED_DEVICE_FAMILY = "1,2";
			};
			name = Release;
		};
/* End XCBuildConfiguration section */

/* Begin XCConfigurationList section */
		9698CD161FBB5DE000501C47 /* Build configuration list for PBXProject "DesignCodeApp" */ = {
			isa = XCConfigurationList;
			buildConfigurations = (
				9698CD2E1FBB5DE000501C47 /* Debug */,
				9698CD2F1FBB5DE000501C47 /* Release */,
			);
			defaultConfigurationIsVisible = 0;
			defaultConfigurationName = Release;
		};
		9698CD301FBB5DE000501C47 /* Build configuration list for PBXNativeTarget "DesignCodeApp" */ = {
			isa = XCConfigurationList;
			buildConfigurations = (
				9698CD311FBB5DE000501C47 /* Debug */,
				9698CD321FBB5DE000501C47 /* Release */,
			);
			defaultConfigurationIsVisible = 0;
			defaultConfigurationName = Release;
		};
/* End XCConfigurationList section */

/* Begin XCVersionGroup section */
		9698CD251FBB5DE000501C47 /* DesignCodeApp.xcdatamodeld */ = {
			isa = XCVersionGroup;
			children = (
				9698CD261FBB5DE000501C47 /* DesignCodeApp.xcdatamodel */,
			);
			currentVersion = 9698CD261FBB5DE000501C47 /* DesignCodeApp.xcdatamodel */;
			path = DesignCodeApp.xcdatamodeld;
			sourceTree = "<group>";
			versionGroupType = wrapper.xcdatamodel;
		};
/* End XCVersionGroup section */
	};
	rootObject = 9698CD131FBB5DE000501C47 /* Project object */;
}
