PODS:
  - Alamofire (4.7.2)
  - Spring (1.0.5)
  - ViewAnimator (1.0.1)

DEPENDENCIES:
  - Alamofire
  - Spring
  - ViewAnimator (= 1.0.1)

SPEC REPOS:
  https://github.com/cocoapods/specs.git:
    - Alamofire
    - Spring
    - ViewAnimator

SPEC CHECKSUMS:
  Alamofire: e4fa87002c137ba2d8d634d2c51fabcda0d5c223
  Spring: 17901566c8ecf3a1327902b940406c64512f9bb1
  ViewAnimator: a094d13bc86e868e908d33e524fcb58a4ddcf98e

PODFILE CHECKSUM: 93e10d39b1b00142b5970bc14a93a726374d7ae1

COCOAPODS: 1.5.2
